// !$*UTF8*$!
{
	archiveVersion = 1;
	classes = {
	};
	objectVersion = 55;
	objects = {

/* Begin PBXBuildFile section */
		8871120008CD6EAFD5E60266 /* Pods_RandomSprite.framework in Frameworks */ = {isa = PBXBuildFile; fileRef = 33CFA806ABCD069679F0D868 /* Pods_RandomSprite.framework */; };
		A7410608274D90020052574C /* AppDelegate.swift in Sources */ = {isa = PBXBuildFile; fileRef = A7410607274D90020052574C /* AppDelegate.swift */; };
		A741060A274D90020052574C /* SceneDelegate.swift in Sources */ = {isa = PBXBuildFile; fileRef = A7410609274D90020052574C /* SceneDelegate.swift */; };
		A741060C274D90020052574C /* ViewController.swift in Sources */ = {isa = PBXBuildFile; fileRef = A741060B274D90020052574C /* ViewController.swift */; };
		A741060F274D90020052574C /* Main.storyboard in Resources */ = {isa = PBXBuildFile; fileRef = A741060D274D90020052574C /* Main.storyboard */; };
		A7410611274D90030052574C /* Assets.xcassets in Resources */ = {isa = PBXBuildFile; fileRef = A7410610274D90030052574C /* Assets.xcassets */; };
		A7410614274D90030052574C /* LaunchScreen.storyboard in Resources */ = {isa = PBXBuildFile; fileRef = A7410612274D90030052574C /* LaunchScreen.storyboard */; };
		A7A538B2274EA52F00F4E0CA /* DataManager.swift in Sources */ = {isa = PBXBuildFile; fileRef = A7A538B1274EA52F00F4E0CA /* DataManager.swift */; };
		A7A538B4274EA96500F4E0CA /* Animations.swift in Sources */ = {isa = PBXBuildFile; fileRef = A7A538B3274EA96500F4E0CA /* Animations.swift */; };
/* End PBXBuildFile section */

/* Begin PBXFileReference section */
		33CFA806ABCD069679F0D868 /* Pods_RandomSprite.framework */ = {isa = PBXFileReference; explicitFileType = wrapper.framework; includeInIndex = 0; path = Pods_RandomSprite.framework; sourceTree = BUILT_PRODUCTS_DIR; };
		8D260494BA1DC40F52058FD4 /* Pods-RandomSprite.debug.xcconfig */ = {isa = PBXFileReference; includeInIndex = 1; lastKnownFileType = text.xcconfig; name = "Pods-RandomSprite.debug.xcconfig"; path = "Target Support Files/Pods-RandomSprite/Pods-RandomSprite.debug.xcconfig"; sourceTree = "<group>"; };
		A7410604274D90020052574C /* RandomSprite.app */ = {isa = PBXFileReference; explicitFileType = wrapper.application; includeInIndex = 0; path = RandomSprite.app; sourceTree = BUILT_PRODUCTS_DIR; };
		A7410607274D90020052574C /* AppDelegate.swift */ = {isa = PBXFileReference; lastKnownFileType = sourcecode.swift; path = AppDelegate.swift; sourceTree = "<group>"; };
		A7410609274D90020052574C /* SceneDelegate.swift */ = {isa = PBXFileReference; lastKnownFileType = sourcecode.swift; path = SceneDelegate.swift; sourceTree = "<group>"; };
		A741060B274D90020052574C /* ViewController.swift */ = {isa = PBXFileReference; lastKnownFileType = sourcecode.swift; path = ViewController.swift; sourceTree = "<group>"; };
		A741060E274D90020052574C /* Base */ = {isa = PBXFileReference; lastKnownFileType = file.storyboard; name = Base; path = Base.lproj/Main.storyboard; sourceTree = "<group>"; };
		A7410610274D90030052574C /* Assets.xcassets */ = {isa = PBXFileReference; lastKnownFileType = folder.assetcatalog; path = Assets.xcassets; sourceTree = "<group>"; };
		A7410613274D90030052574C /* Base */ = {isa = PBXFileReference; lastKnownFileType = file.storyboard; name = Base; path = Base.lproj/LaunchScreen.storyboard; sourceTree = "<group>"; };
		A7410615274D90030052574C /* Info.plist */ = {isa = PBXFileReference; lastKnownFileType = text.plist.xml; path = Info.plist; sourceTree = "<group>"; };
		A7A538B1274EA52F00F4E0CA /* DataManager.swift */ = {isa = PBXFileReference; lastKnownFileType = sourcecode.swift; path = DataManager.swift; sourceTree = "<group>"; };
		A7A538B3274EA96500F4E0CA /* Animations.swift */ = {isa = PBXFileReference; lastKnownFileType = sourcecode.swift; path = Animations.swift; sourceTree = "<group>"; };
		E9070204D2EA50586F3862E9 /* Pods-RandomSprite.release.xcconfig */ = {isa = PBXFileReference; includeInIndex = 1; lastKnownFileType = text.xcconfig; name = "Pods-RandomSprite.release.xcconfig"; path = "Target Support Files/Pods-RandomSprite/Pods-RandomSprite.release.xcconfig"; sourceTree = "<group>"; };
/* End PBXFileReference section */

/* Begin PBXFrameworksBuildPhase section */
		A7410601274D90020052574C /* Frameworks */ = {
			isa = PBXFrameworksBuildPhase;
			buildActionMask = 2147483647;
			files = (
				8871120008CD6EAFD5E60266 /* Pods_RandomSprite.framework in Frameworks */,
			);
			runOnlyForDeploymentPostprocessing = 0;
		};
/* End PBXFrameworksBuildPhase section */

/* Begin PBXGroup section */
		0E8C7AE0A5D5ED74BFC05ADF /* Pods */ = {
			isa = PBXGroup;
			children = (
				8D260494BA1DC40F52058FD4 /* Pods-RandomSprite.debug.xcconfig */,
				E9070204D2EA50586F3862E9 /* Pods-RandomSprite.release.xcconfig */,
			);
			path = Pods;
			sourceTree = "<group>";
		};
		A74105FB274D90020052574C = {
			isa = PBXGroup;
			children = (
				A7410606274D90020052574C /* RandomSprite */,
				A7410605274D90020052574C /* Products */,
				0E8C7AE0A5D5ED74BFC05ADF /* Pods */,
				B6CA5AC0482932A45F86A915 /* Frameworks */,
			);
			sourceTree = "<group>";
		};
		A7410605274D90020052574C /* Products */ = {
			isa = PBXGroup;
			children = (
				A7410604274D90020052574C /* RandomSprite.app */,
			);
			name = Products;
			sourceTree = "<group>";
		};
		A7410606274D90020052574C /* RandomSprite */ = {
			isa = PBXGroup;
			children = (
				A7410607274D90020052574C /* AppDelegate.swift */,
				A7410609274D90020052574C /* SceneDelegate.swift */,
				A741060B274D90020052574C /* ViewController.swift */,
				A741060D274D90020052574C /* Main.storyboard */,
				A7A538B3274EA96500F4E0CA /* Animations.swift */,
				A7A538B1274EA52F00F4E0CA /* DataManager.swift */,
				A7410610274D90030052574C /* Assets.xcassets */,
				A7410612274D90030052574C /* LaunchScreen.storyboard */,
				A7410615274D90030052574C /* Info.plist */,
			);
			path = RandomSprite;
			sourceTree = "<group>";
		};
		B6CA5AC0482932A45F86A915 /* Frameworks */ = {
			isa = PBXGroup;
			children = (
				33CFA806ABCD069679F0D868 /* Pods_RandomSprite.framework */,
			);
			name = Frameworks;
			sourceTree = "<group>";
		};
/* End PBXGroup section */

/* Begin PBXNativeTarget section */
		A7410603274D90020052574C /* RandomSprite */ = {
			isa = PBXNativeTarget;
			buildConfigurationList = A7410618274D90030052574C /* Build configuration list for PBXNativeTarget "RandomSprite" */;
			buildPhases = (
				4A09ED830CAC58B2E59EDCF1 /* [CP] Check Pods Manifest.lock */,
				A7410600274D90020052574C /* Sources */,
				A7410601274D90020052574C /* Frameworks */,
				A7410602274D90020052574C /* Resources */,
				B1AF66C2C3B8E8EBEC626906 /* [CP] Embed Pods Frameworks */,
			);
			buildRules = (
			);
			dependencies = (
			);
			name = RandomSprite;
			productName = RandomSprite;
			productReference = A7410604274D90020052574C /* RandomSprite.app */;
			productType = "com.apple.product-type.application";
		};
/* End PBXNativeTarget section */

/* Begin PBXProject section */
		A74105FC274D90020052574C /* Project object */ = {
			isa = PBXProject;
			attributes = {
				BuildIndependentTargetsInParallel = 1;
				LastSwiftUpdateCheck = 1310;
				LastUpgradeCheck = 1310;
				TargetAttributes = {
					A7410603274D90020052574C = {
						CreatedOnToolsVersion = 13.1;
					};
				};
			};
			buildConfigurationList = A74105FF274D90020052574C /* Build configuration list for PBXProject "RandomSprite" */;
			compatibilityVersion = "Xcode 13.0";
			developmentRegion = en;
			hasScannedForEncodings = 0;
			knownRegions = (
				en,
				Base,
			);
			mainGroup = A74105FB274D90020052574C;
			productRefGroup = A7410605274D90020052574C /* Products */;
			projectDirPath = "";
			projectRoot = "";
			targets = (
				A7410603274D90020052574C /* RandomSprite */,
			);
		};
/* End PBXProject section */

/* Begin PBXResourcesBuildPhase section */
		A7410602274D90020052574C /* Resources */ = {
			isa = PBXResourcesBuildPhase;
			buildActionMask = 2147483647;
			files = (
				A7410614274D90030052574C /* LaunchScreen.storyboard in Resources */,
				A7410611274D90030052574C /* Assets.xcassets in Resources */,
				A741060F274D90020052574C /* Main.storyboard in Resources */,
			);
			runOnlyForDeploymentPostprocessing = 0;
		};
/* End PBXResourcesBuildPhase section */

/* Begin PBXShellScriptBuildPhase section */
		4A09ED830CAC58B2E59EDCF1 /* [CP] Check Pods Manifest.lock */ = {
			isa = PBXShellScriptBuildPhase;
			buildActionMask = 2147483647;
			files = (
			);
			inputFileListPaths = (
			);
			inputPaths = (
				"${PODS_PODFILE_DIR_PATH}/Podfile.lock",
				"${PODS_ROOT}/Manifest.lock",
			);
			name = "[CP] Check Pods Manifest.lock";
			outputFileListPaths = (
			);
			outputPaths = (
				"$(DERIVED_FILE_DIR)/Pods-RandomSprite-checkManifestLockResult.txt",
			);
			runOnlyForDeploymentPostprocessing = 0;
			shellPath = /bin/sh;
			shellScript = "diff \"${PODS_PODFILE_DIR_PATH}/Podfile.lock\" \"${PODS_ROOT}/Manifest.lock\" > /dev/null\nif [ $? != 0 ] ; then\n    # print error to STDERR\n    echo \"error: The sandbox is not in sync with the Podfile.lock. Run 'pod install' or update your CocoaPods installation.\" >&2\n    exit 1\nfi\n# This output is used by Xcode 'outputs' to avoid re-running this script phase.\necho \"SUCCESS\" > \"${SCRIPT_OUTPUT_FILE_0}\"\n";
			showEnvVarsInLog = 0;
		};
		B1AF66C2C3B8E8EBEC626906 /* [CP] Embed Pods Frameworks */ = {
			isa = PBXShellScriptBuildPhase;
			buildActionMask = 2147483647;
			files = (
			);
			inputFileListPaths = (
				"${PODS_ROOT}/Target Support Files/Pods-RandomSprite/Pods-RandomSprite-frameworks-${CONFIGURATION}-input-files.xcfilelist",
			);
			name = "[CP] Embed Pods Frameworks";
			outputFileListPaths = (
				"${PODS_ROOT}/Target Support Files/Pods-RandomSprite/Pods-RandomSprite-frameworks-${CONFIGURATION}-output-files.xcfilelist",
			);
			runOnlyForDeploymentPostprocessing = 0;
			shellPath = /bin/sh;
			shellScript = "\"${PODS_ROOT}/Target Support Files/Pods-RandomSprite/Pods-RandomSprite-frameworks.sh\"\n";
			showEnvVarsInLog = 0;
		};
/* End PBXShellScriptBuildPhase section */

/* Begin PBXSourcesBuildPhase section */
		A7410600274D90020052574C /* Sources */ = {
			isa = PBXSourcesBuildPhase;
			buildActionMask = 2147483647;
			files = (
				A741060C274D90020052574C /* ViewController.swift in Sources */,
				A7A538B4274EA96500F4E0CA /* Animations.swift in Sources */,
				A7A538B2274EA52F00F4E0CA /* DataManager.swift in Sources */,
				A7410608274D90020052574C /* AppDelegate.swift in Sources */,
				A741060A274D90020052574C /* SceneDelegate.swift in Sources */,
			);
			runOnlyForDeploymentPostprocessing = 0;
		};
/* End PBXSourcesBuildPhase section */

/* Begin PBXVariantGroup section */
		A741060D274D90020052574C /* Main.storyboard */ = {
			isa = PBXVariantGroup;
			children = (
				A741060E274D90020052574C /* Base */,
			);
			name = Main.storyboard;
			sourceTree = "<group>";
		};
		A7410612274D90030052574C /* LaunchScreen.storyboard */ = {
			isa = PBXVariantGroup;
			children = (
				A7410613274D90030052574C /* Base */,
			);
			name = LaunchScreen.storyboard;
			sourceTree = "<group>";
		};
/* End PBXVariantGroup section */

/* Begin XCBuildConfiguration section */
		A7410616274D90030052574C /* Debug */ = {
			isa = XCBuildConfiguration;
			buildSettings = {
				ALWAYS_SEARCH_USER_PATHS = NO;
				CLANG_ANALYZER_NONNULL = YES;
				CLANG_ANALYZER_NUMBER_OBJECT_CONVERSION = YES_AGGRESSIVE;
				CLANG_CXX_LANGUAGE_STANDARD = "gnu++17";
				CLANG_CXX_LIBRARY = "libc++";
				CLANG_ENABLE_MODULES = YES;
				CLANG_ENABLE_OBJC_ARC = YES;
				CLANG_ENABLE_OBJC_WEAK = YES;
				CLANG_WARN_BLOCK_CAPTURE_AUTORELEASING = YES;
				CLANG_WARN_BOOL_CONVERSION = YES;
				CLANG_WARN_COMMA = YES;
				CLANG_WARN_CONSTANT_CONVERSION = YES;
				CLANG_WARN_DEPRECATED_OBJC_IMPLEMENTATIONS = YES;
				CLANG_WARN_DIRECT_OBJC_ISA_USAGE = YES_ERROR;
				CLANG_WARN_DOCUMENTATION_COMMENTS = YES;
				CLANG_WARN_EMPTY_BODY = YES;
				CLANG_WARN_ENUM_CONVERSION = YES;
				CLANG_WARN_INFINITE_RECURSION = YES;
				CLANG_WARN_INT_CONVERSION = YES;
				CLANG_WARN_NON_LITERAL_NULL_CONVERSION = YES;
				CLANG_WARN_OBJC_IMPLICIT_RETAIN_SELF = YES;
				CLANG_WARN_OBJC_LITERAL_CONVERSION = YES;
				CLANG_WARN_OBJC_ROOT_CLASS = YES_ERROR;
				CLANG_WARN_QUOTED_INCLUDE_IN_FRAMEWORK_HEADER = YES;
				CLANG_WARN_RANGE_LOOP_ANALYSIS = YES;
				CLANG_WARN_STRICT_PROTOTYPES = YES;
				CLANG_WARN_SUSPICIOUS_MOVE = YES;
				CLANG_WARN_UNGUARDED_AVAILABILITY = YES_AGGRESSIVE;
				CLANG_WARN_UNREACHABLE_CODE = YES;
				CLANG_WARN__DUPLICATE_METHOD_MATCH = YES;
				COPY_PHASE_STRIP = NO;
				DEBUG_INFORMATION_FORMAT = dwarf;
				ENABLE_STRICT_OBJC_MSGSEND = YES;
				ENABLE_TESTABILITY = YES;
				GCC_C_LANGUAGE_STANDARD = gnu11;
				GCC_DYNAMIC_NO_PIC = NO;
				GCC_NO_COMMON_BLOCKS = YES;
				GCC_OPTIMIZATION_LEVEL = 0;
				GCC_PREPROCESSOR_DEFINITIONS = (
					"DEBUG=1",
					"$(inherited)",
				);
				GCC_WARN_64_TO_32_BIT_CONVERSION = YES;
				GCC_WARN_ABOUT_RETURN_TYPE = YES_ERROR;
				GCC_WARN_UNDECLARED_SELECTOR = YES;
				GCC_WARN_UNINITIALIZED_AUTOS = YES_AGGRESSIVE;
				GCC_WARN_UNUSED_FUNCTION = YES;
				GCC_WARN_UNUSED_VARIABLE = YES;
				IPHONEOS_DEPLOYMENT_TARGET = 15.0;
				MTL_ENABLE_DEBUG_INFO = INCLUDE_SOURCE;
				MTL_FAST_MATH = YES;
				ONLY_ACTIVE_ARCH = YES;
				SDKROOT = iphoneos;
				SWIFT_ACTIVE_COMPILATION_CONDITIONS = DEBUG;
				SWIFT_OPTIMIZATION_LEVEL = "-Onone";
			};
			name = Debug;
		};
		A7410617274D90030052574C /* Release */ = {
			isa = XCBuildConfiguration;
			buildSettings = {
				ALWAYS_SEARCH_USER_PATHS = NO;
				CLANG_ANALYZER_NONNULL = YES;
				CLANG_ANALYZER_NUMBER_OBJECT_CONVERSION = YES_AGGRESSIVE;
				CLANG_CXX_LANGUAGE_STANDARD = "gnu++17";
				CLANG_CXX_LIBRARY = "libc++";
				CLANG_ENABLE_MODULES = YES;
				CLANG_ENABLE_OBJC_ARC = YES;
				CLANG_ENABLE_OBJC_WEAK = YES;
				CLANG_WARN_BLOCK_CAPTURE_AUTORELEASING = YES;
				CLANG_WARN_BOOL_CONVERSION = YES;
				CLANG_WARN_COMMA = YES;
				CLANG_WARN_CONSTANT_CONVERSION = YES;
				CLANG_WARN_DEPRECATED_OBJC_IMPLEMENTATIONS = YES;
				CLANG_WARN_DIRECT_OBJC_ISA_USAGE = YES_ERROR;
				CLANG_WARN_DOCUMENTATION_COMMENTS = YES;
				CLANG_WARN_EMPTY_BODY = YES;
				CLANG_WARN_ENUM_CONVERSION = YES;
				CLANG_WARN_INFINITE_RECURSION = YES;
				CLANG_WARN_INT_CONVERSION = YES;
				CLANG_WARN_NON_LITERAL_NULL_CONVERSION = YES;
				CLANG_WARN_OBJC_IMPLICIT_RETAIN_SELF = YES;
				CLANG_WARN_OBJC_LITERAL_CONVERSION = YES;
				CLANG_WARN_OBJC_ROOT_CLASS = YES_ERROR;
				CLANG_WARN_QUOTED_INCLUDE_IN_FRAMEWORK_HEADER = YES;
				CLANG_WARN_RANGE_LOOP_ANALYSIS = YES;
				CLANG_WARN_STRICT_PROTOTYPES = YES;
				CLANG_WARN_SUSPICIOUS_MOVE = YES;
				CLANG_WARN_UNGUARDED_AVAILABILITY = YES_AGGRESSIVE;
				CLANG_WARN_UNREACHABLE_CODE = YES;
				CLANG_WARN__DUPLICATE_METHOD_MATCH = YES;
				COPY_PHASE_STRIP = NO;
				DEBUG_INFORMATION_FORMAT = "dwarf-with-dsym";
				ENABLE_NS_ASSERTIONS = NO;
				ENABLE_STRICT_OBJC_MSGSEND = YES;
				GCC_C_LANGUAGE_STANDARD = gnu11;
				GCC_NO_COMMON_BLOCKS = YES;
				GCC_WARN_64_TO_32_BIT_CONVERSION = YES;
				GCC_WARN_ABOUT_RETURN_TYPE = YES_ERROR;
				GCC_WARN_UNDECLARED_SELECTOR = YES;
				GCC_WARN_UNINITIALIZED_AUTOS = YES_AGGRESSIVE;
				GCC_WARN_UNUSED_FUNCTION = YES;
				GCC_WARN_UNUSED_VARIABLE = YES;
				IPHONEOS_DEPLOYMENT_TARGET = 15.0;
				MTL_ENABLE_DEBUG_INFO = NO;
				MTL_FAST_MATH = YES;
				SDKROOT = iphoneos;
				SWIFT_COMPILATION_MODE = wholemodule;
				SWIFT_OPTIMIZATION_LEVEL = "-O";
				VALIDATE_PRODUCT = YES;
			};
			name = Release;
		};
		A7410619274D90030052574C /* Debug */ = {
			isa = XCBuildConfiguration;
			baseConfigurationReference = 8D260494BA1DC40F52058FD4 /* Pods-RandomSprite.debug.xcconfig */;
			buildSettings = {
				ASSETCATALOG_COMPILER_APPICON_NAME = AppIcon;
				ASSETCATALOG_COMPILER_GLOBAL_ACCENT_COLOR_NAME = AccentColor;
				CODE_SIGN_STYLE = Automatic;
				CURRENT_PROJECT_VERSION = 1;
				DEVELOPMENT_TEAM = BLL2CWD3Z8;
				GENERATE_INFOPLIST_FILE = YES;
				INFOPLIST_FILE = RandomSprite/Info.plist;
				INFOPLIST_KEY_UIApplicationSupportsIndirectInputEvents = YES;
				INFOPLIST_KEY_UILaunchStoryboardName = LaunchScreen;
				INFOPLIST_KEY_UIMainStoryboardFile = Main;
				INFOPLIST_KEY_UISupportedInterfaceOrientations_iPad = "UIInterfaceOrientationPortrait UIInterfaceOrientationPortraitUpsideDown UIInterfaceOrientationLandscapeLeft UIInterfaceOrientationLandscapeRight";
				INFOPLIST_KEY_UISupportedInterfaceOrientations_iPhone = "UIInterfaceOrientationPortrait UIInterfaceOrientationLandscapeLeft UIInterfaceOrientationLandscapeRight";
				LD_RUNPATH_SEARCH_PATHS = (
					"$(inherited)",
					"@executable_path/Frameworks",
				);
				MARKETING_VERSION = 1.0;
				PRODUCT_BUNDLE_IDENTIFIER = AndreyKo.RandomSprite;
				PRODUCT_NAME = "$(TARGET_NAME)";
				SWIFT_EMIT_LOC_STRINGS = YES;
				SWIFT_VERSION = 5.0;
				TARGETED_DEVICE_FAMILY = 1;
			};
			name = Debug;
		};
		A741061A274D90030052574C /* Release */ = {
			isa = XCBuildConfiguration;
			baseConfigurationReference = E9070204D2EA50586F3862E9 /* Pods-RandomSprite.release.xcconfig */;
			buildSettings = {
				ASSETCATALOG_COMPILER_APPICON_NAME = AppIcon;
				ASSETCATALOG_COMPILER_GLOBAL_ACCENT_COLOR_NAME = AccentColor;
				CODE_SIGN_STYLE = Automatic;
				CURRENT_PROJECT_VERSION = 1;
				DEVELOPMENT_TEAM = BLL2CWD3Z8;
				GENERATE_INFOPLIST_FILE = YES;
				INFOPLIST_FILE = RandomSprite/Info.plist;
				INFOPLIST_KEY_UIApplicationSupportsIndirectInputEvents = YES;
				INFOPLIST_KEY_UILaunchStoryboardName = LaunchScreen;
				INFOPLIST_KEY_UIMainStoryboardFile = Main;
				INFOPLIST_KEY_UISupportedInterfaceOrientations_iPad = "UIInterfaceOrientationPortrait UIInterfaceOrientationPortraitUpsideDown UIInterfaceOrientationLandscapeLeft UIInterfaceOrientationLandscapeRight";
				INFOPLIST_KEY_UISupportedInterfaceOrientations_iPhone = "UIInterfaceOrientationPortrait UIInterfaceOrientationLandscapeLeft UIInterfaceOrientationLandscapeRight";
				LD_RUNPATH_SEARCH_PATHS = (
					"$(inherited)",
					"@executable_path/Frameworks",
				);
				MARKETING_VERSION = 1.0;
				PRODUCT_BUNDLE_IDENTIFIER = AndreyKo.RandomSprite;
				PRODUCT_NAME = "$(TARGET_NAME)";
				SWIFT_EMIT_LOC_STRINGS = YES;
				SWIFT_VERSION = 5.0;
				TARGETED_DEVICE_FAMILY = 1;
			};
			name = Release;
		};
/* End XCBuildConfiguration section */

/* Begin XCConfigurationList section */
		A74105FF274D90020052574C /* Build configuration list for PBXProject "RandomSprite" */ = {
			isa = XCConfigurationList;
			buildConfigurations = (
				A7410616274D90030052574C /* Debug */,
				A7410617274D90030052574C /* Release */,
			);
			defaultConfigurationIsVisible = 0;
			defaultConfigurationName = Release;
		};
		A7410618274D90030052574C /* Build configuration list for PBXNativeTarget "RandomSprite" */ = {
			isa = XCConfigurationList;
			buildConfigurations = (
				A7410619274D90030052574C /* Debug */,
				A741061A274D90030052574C /* Release */,
			);
			defaultConfigurationIsVisible = 0;
			defaultConfigurationName = Release;
		};
/* End XCConfigurationList section */
	};
	rootObject = A74105FC274D90020052574C /* Project object */;
}
